# THIS IS AN AUTOGENERATED FILE. DO NOT EDIT THIS FILE DIRECTLY.
# yarn lockfile v1


htm@^3.1.1:
  version "3.1.1"
  resolved "https://registry.yarnpkg.com/htm/-/htm-3.1.1.tgz#49266582be0dc66ed2235d5ea892307cc0c24b78"
  integrity sha512-983Vyg8NwUE7JkZ6NmOqpCZ+sh1bKv2iYTlUkzlWmA5JD2acKoxd4KVxbMmxX/85mtfdnDmTFoNKcg5DGAvxNQ==

preact@^10.26.9:
  version "10.26.9"
  resolved "https://registry.yarnpkg.com/preact/-/preact-10.26.9.tgz#b3898d1b65140640799062ad73b89846c293b6a7"
  integrity sha512-SSjF9vcnF27mJK1XyFMNJzFd5u3pQiATFqoaDy03XuN00u4ziveVVEGt5RKJrDR8MHE/wJo9Nnad56RLzS2RMA==
